
Microsoft Visual Studio Solution File, Format Version 12.00
# Visual Studio Version 17
VisualStudioVersion = 17.8.34525.116
MinimumVisualStudioVersion = 10.0.40219.1
Project("{FAE04EC0-301F-11D3-BF4B-00C04F79EFBC}") = "API", "API\API.csproj", "{55F79ACF-1581-4D38-95AE-D2A4BA07EF50}"
EndProject
Global
	GlobalSection(SolutionConfigurationPlatforms) = preSolution
		Debug|Any CPU = Debug|Any CPU
		Release|Any CPU = Release|Any CPU
	EndGlobalSection
	GlobalSection(ProjectConfigurationPlatforms) = postSolution
		{55F79ACF-1581-4D38-95AE-D2A4BA07EF50}.Debug|Any CPU.ActiveCfg = Debug|Any CPU
		{55F79ACF-1581-4D38-95AE-D2A4BA07EF50}.Debug|Any CPU.Build.0 = Debug|Any CPU
		{55F79ACF-1581-4D38-95AE-D2A4BA07EF50}.Release|Any CPU.ActiveCfg = Release|Any CPU
		{55F79ACF-1581-4D38-95AE-D2A4BA07EF50}.Release|Any CPU.Build.0 = Release|Any CPU
	EndGlobalSection
	GlobalSection(SolutionProperties) = preSolution
		HideSolutionNode = FALSE
	EndGlobalSection
	GlobalSection(ExtensibilityGlobals) = postSolution
		SolutionGuid = {8C603329-7C12-48A6-8C3C-0FF5CE63F7E4}
	EndGlobalSection
EndGlobal
